Microsoft Visual Studio Solution File, Format Version 12.00
# Visual Studio Version 17
VisualStudioVersion = 17.0.31903.59
MinimumVisualStudioVersion = 10.0.40219.1
Project("{FAE04EC0-301F-11D3-BF4B-00C04F79EFBC}") = "CctvMapTracking.Api", "src\CctvMapTracking.Api\CctvMapTracking.Api.csproj", "{F7A6C981-6165-4A56-B950-39C71C06A001}"
EndProject
Project("{FAE04EC0-301F-11D3-BF4B-00C04F79EFBC}") = "CctvMapTracking.Api.Tests", "tests\CctvMapTracking.Api.Tests\CctvMapTracking.Api.Tests.csproj", "{9F2400D4-F127-4E55-B0B0-59C2B2472164}"
EndProject
Global
	GlobalSection(SolutionConfigurationPlatforms) = preSolution
		Debug|Any CPU = Debug|Any CPU
		Release|Any CPU = Release|Any CPU
	EndGlobalSection
	GlobalSection(ProjectConfigurationPlatforms) = postSolution
		{F7A6C981-6165-4A56-B950-39C71C06A001}.Debug|Any CPU.ActiveCfg = Debug|Any CPU
		{F7A6C981-6165-4A56-B950-39C71C06A001}.Debug|Any CPU.Build.0 = Debug|Any CPU
		{F7A6C981-6165-4A56-B950-39C71C06A001}.Release|Any CPU.ActiveCfg = Release|Any CPU
		{F7A6C981-6165-4A56-B950-39C71C06A001}.Release|Any CPU.Build.0 = Release|Any CPU
		{9F2400D4-F127-4E55-B0B0-59C2B2472164}.Debug|Any CPU.ActiveCfg = Debug|Any CPU
		{9F2400D4-F127-4E55-B0B0-59C2B2472164}.Debug|Any CPU.Build.0 = Debug|Any CPU
		{9F2400D4-F127-4E55-B0B0-59C2B2472164}.Release|Any CPU.ActiveCfg = Release|Any CPU
		{9F2400D4-F127-4E55-B0B0-59C2B2472164}.Release|Any CPU.Build.0 = Release|Any CPU
	EndGlobalSection
EndGlobal
